
Microsoft Visual Studio Solution File, Format Version 12.00
# Visual Studio Version 17
VisualStudioVersion = 17.3.32929.385
MinimumVisualStudioVersion = 10.0.40219.1
Project("{FAE04EC0-301F-11D3-BF4B-00C04F79EFBC}") = "StudentManagementV", "StudentManagementV\StudentManagementV.csproj", "{32AED3D1-C765-401D-AEAC-E88A341FD0EA}"
EndProject
Global
	GlobalSection(SolutionConfigurationPlatforms) = preSolution
		Debug|Any CPU = Debug|Any CPU
		Release|Any CPU = Release|Any CPU
	EndGlobalSection
	GlobalSection(ProjectConfigurationPlatforms) = postSolution
		{32AED3D1-C765-401D-AEAC-E88A341FD0EA}.Debug|Any CPU.ActiveCfg = Debug|Any CPU
		{32AED3D1-C765-401D-AEAC-E88A341FD0EA}.Debug|Any CPU.Build.0 = Debug|Any CPU
		{32AED3D1-C765-401D-AEAC-E88A341FD0EA}.Release|Any CPU.ActiveCfg = Release|Any CPU
		{32AED3D1-C765-401D-AEAC-E88A341FD0EA}.Release|Any CPU.Build.0 = Release|Any CPU
	EndGlobalSection
	GlobalSection(SolutionProperties) = preSolution
		HideSolutionNode = FALSE
	EndGlobalSection
	GlobalSection(ExtensibilityGlobals) = postSolution
		SolutionGuid = {20C935EB-3EA7-4279-B339-65EC73902BED}
	EndGlobalSection
EndGlobal
